# This file was autogenerated by Stack.
# You should not edit this file by hand.
# For more information, please see the documentation at:
#   https://docs.haskellstack.org/en/stable/lock_files

packages: []
snapshots:
- completed:
    sha256: 0eaacfc9de6b0ab46ab6026166d2ba7718ab06a8612086b3ee21d7667e682df0
    size: 698974
    url: https://raw.githubusercontent.com/commercialhaskell/stackage-snapshots/master/nightly/2023/11/14.yaml
  original: nightly-2023-11-14
