# This file was autogenerated by Stack.
# You should not edit this file by hand.
# For more information, please see the documentation at:
#   https://docs.haskellstack.org/en/stable/lock_files

packages: []
snapshots:
- completed:
    sha256: 895204e9116cba1f32047525ec5bad7423216587706e5df044c4a7c191a5d8cb
    size: 644482
    url: https://raw.githubusercontent.com/commercialhaskell/stackage-snapshots/master/nightly/2022/10/18.yaml
  original: nightly-2022-10-18
