# This file was autogenerated by Stack.
# You should not edit this file by hand.
# For more information, please see the documentation at:
#   https://docs.haskellstack.org/en/stable/lock_files

packages: []
snapshots:
- completed:
    sha256: a1b6c372b9194401b72c7c707b257215a4bed0649b8114c778d9fa17db15a4cb
    size: 650398
    url: https://raw.githubusercontent.com/commercialhaskell/stackage-snapshots/master/nightly/2025/2/4.yaml
  original: nightly-2025-02-04
